// !$*UTF8*$!
{
	archiveVersion = 1;
	classes = {
	};
	objectVersion = 55;
	objects = {

/* Begin PBXBuildFile section */
		2B1107C72725D5DE005E44A5 /* MoviesApi in Frameworks */ = {isa = PBXBuildFile; productRef = 2B1107C62725D5DE005E44A5 /* MoviesApi */; };
		2BBB3DAD271EE63F0089BB3F /* NetworkApi.swift in Sources */ = {isa = PBXBuildFile; fileRef = 2BBB3DAC271EE63F0089BB3F /* NetworkApi.swift */; };
		D6D133D527185AE100E579D4 /* OTUS_Homework_3App.swift in Sources */ = {isa = PBXBuildFile; fileRef = D6D133D427185AE100E579D4 /* OTUS_Homework_3App.swift */; };
		D6D133D927185AE300E579D4 /* Assets.xcassets in Resources */ = {isa = PBXBuildFile; fileRef = D6D133D827185AE300E579D4 /* Assets.xcassets */; };
		D6D133DC27185AE300E579D4 /* Preview Assets.xcassets in Resources */ = {isa = PBXBuildFile; fileRef = D6D133DB27185AE300E579D4 /* Preview Assets.xcassets */; };
		D6D133EB27185B1100E579D4 /* ViewModel.swift in Sources */ = {isa = PBXBuildFile; fileRef = D6D133E327185B1000E579D4 /* ViewModel.swift */; };
		D6D133EC27185B1100E579D4 /* Extensions.swift in Sources */ = {isa = PBXBuildFile; fileRef = D6D133E427185B1000E579D4 /* Extensions.swift */; };
		D6D133ED27185B1100E579D4 /* ContentView.swift in Sources */ = {isa = PBXBuildFile; fileRef = D6D133E627185B1100E579D4 /* ContentView.swift */; };
		D6D133EE27185B1100E579D4 /* ServiceLocator.swift in Sources */ = {isa = PBXBuildFile; fileRef = D6D133E827185B1100E579D4 /* ServiceLocator.swift */; };
		D6D133EF27185B1100E579D4 /* Injected.swift in Sources */ = {isa = PBXBuildFile; fileRef = D6D133E927185B1100E579D4 /* Injected.swift */; };
		D6D133F027185B1100E579D4 /* Resolver.swift in Sources */ = {isa = PBXBuildFile; fileRef = D6D133EA27185B1100E579D4 /* Resolver.swift */; };
/* End PBXBuildFile section */

/* Begin PBXFileReference section */
		2BBB3DAC271EE63F0089BB3F /* NetworkApi.swift */ = {isa = PBXFileReference; lastKnownFileType = sourcecode.swift; path = NetworkApi.swift; sourceTree = "<group>"; };
		D6D133D127185AE100E579D4 /* OTUS_Homework_3.app */ = {isa = PBXFileReference; explicitFileType = wrapper.application; includeInIndex = 0; path = OTUS_Homework_3.app; sourceTree = BUILT_PRODUCTS_DIR; };
		D6D133D427185AE100E579D4 /* OTUS_Homework_3App.swift */ = {isa = PBXFileReference; lastKnownFileType = sourcecode.swift; path = OTUS_Homework_3App.swift; sourceTree = "<group>"; };
		D6D133D827185AE300E579D4 /* Assets.xcassets */ = {isa = PBXFileReference; lastKnownFileType = folder.assetcatalog; path = Assets.xcassets; sourceTree = "<group>"; };
		D6D133DB27185AE300E579D4 /* Preview Assets.xcassets */ = {isa = PBXFileReference; lastKnownFileType = folder.assetcatalog; path = "Preview Assets.xcassets"; sourceTree = "<group>"; };
		D6D133E327185B1000E579D4 /* ViewModel.swift */ = {isa = PBXFileReference; fileEncoding = 4; lastKnownFileType = sourcecode.swift; path = ViewModel.swift; sourceTree = "<group>"; };
		D6D133E427185B1000E579D4 /* Extensions.swift */ = {isa = PBXFileReference; fileEncoding = 4; lastKnownFileType = sourcecode.swift; path = Extensions.swift; sourceTree = "<group>"; };
		D6D133E627185B1100E579D4 /* ContentView.swift */ = {isa = PBXFileReference; fileEncoding = 4; lastKnownFileType = sourcecode.swift; path = ContentView.swift; sourceTree = "<group>"; };
		D6D133E827185B1100E579D4 /* ServiceLocator.swift */ = {isa = PBXFileReference; fileEncoding = 4; lastKnownFileType = sourcecode.swift; path = ServiceLocator.swift; sourceTree = "<group>"; };
		D6D133E927185B1100E579D4 /* Injected.swift */ = {isa = PBXFileReference; fileEncoding = 4; lastKnownFileType = sourcecode.swift; path = Injected.swift; sourceTree = "<group>"; };
		D6D133EA27185B1100E579D4 /* Resolver.swift */ = {isa = PBXFileReference; fileEncoding = 4; lastKnownFileType = sourcecode.swift; path = Resolver.swift; sourceTree = "<group>"; };
		D6D133F127185B2A00E579D4 /* OTUS-Homework-3-Info.plist */ = {isa = PBXFileReference; lastKnownFileType = text.plist; path = "OTUS-Homework-3-Info.plist"; sourceTree = SOURCE_ROOT; };
/* End PBXFileReference section */

/* Begin PBXFrameworksBuildPhase section */
		D6D133CE27185AE100E579D4 /* Frameworks */ = {
			isa = PBXFrameworksBuildPhase;
			buildActionMask = 2147483647;
			files = (
				2B1107C72725D5DE005E44A5 /* MoviesApi in Frameworks */,
			);
			runOnlyForDeploymentPostprocessing = 0;
		};
/* End PBXFrameworksBuildPhase section */

/* Begin PBXGroup section */
		D6D133C827185AE100E579D4 = {
			isa = PBXGroup;
			children = (
				D6D133D327185AE100E579D4 /* OTUS_Homework_3 */,
				D6D133D227185AE100E579D4 /* Products */,
			);
			sourceTree = "<group>";
		};
		D6D133D227185AE100E579D4 /* Products */ = {
			isa = PBXGroup;
			children = (
				D6D133D127185AE100E579D4 /* OTUS_Homework_3.app */,
			);
			name = Products;
			sourceTree = "<group>";
		};
		D6D133D327185AE100E579D4 /* OTUS_Homework_3 */ = {
			isa = PBXGroup;
			children = (
				D6D133F127185B2A00E579D4 /* OTUS-Homework-3-Info.plist */,
				D6D133E727185B1100E579D4 /* Core */,
				D6D133E227185B1000E579D4 /* ViewModel */,
				D6D133E527185B1100E579D4 /* UI */,
				D6D133D427185AE100E579D4 /* OTUS_Homework_3App.swift */,
				D6D133D827185AE300E579D4 /* Assets.xcassets */,
				D6D133DA27185AE300E579D4 /* Preview Content */,
			);
			path = OTUS_Homework_3;
			sourceTree = "<group>";
		};
		D6D133DA27185AE300E579D4 /* Preview Content */ = {
			isa = PBXGroup;
			children = (
				D6D133DB27185AE300E579D4 /* Preview Assets.xcassets */,
			);
			path = "Preview Content";
			sourceTree = "<group>";
		};
		D6D133E227185B1000E579D4 /* ViewModel */ = {
			isa = PBXGroup;
			children = (
				D6D133E327185B1000E579D4 /* ViewModel.swift */,
				D6D133E427185B1000E579D4 /* Extensions.swift */,
			);
			path = ViewModel;
			sourceTree = "<group>";
		};
		D6D133E527185B1100E579D4 /* UI */ = {
			isa = PBXGroup;
			children = (
				D6D133E627185B1100E579D4 /* ContentView.swift */,
			);
			path = UI;
			sourceTree = "<group>";
		};
		D6D133E727185B1100E579D4 /* Core */ = {
			isa = PBXGroup;
			children = (
				D6D133E827185B1100E579D4 /* ServiceLocator.swift */,
				D6D133E927185B1100E579D4 /* Injected.swift */,
				D6D133EA27185B1100E579D4 /* Resolver.swift */,
				2BBB3DAC271EE63F0089BB3F /* NetworkApi.swift */,
			);
			path = Core;
			sourceTree = "<group>";
		};
/* End PBXGroup section */

/* Begin PBXNativeTarget section */
		D6D133D027185AE100E579D4 /* OTUS_Homework_3 */ = {
			isa = PBXNativeTarget;
			buildConfigurationList = D6D133DF27185AE300E579D4 /* Build configuration list for PBXNativeTarget "OTUS_Homework_3" */;
			buildPhases = (
				D6D133CD27185AE100E579D4 /* Sources */,
				D6D133CE27185AE100E579D4 /* Frameworks */,
				D6D133CF27185AE100E579D4 /* Resources */,
			);
			buildRules = (
			);
			dependencies = (
			);
			name = OTUS_Homework_3;
			packageProductDependencies = (
				2B1107C62725D5DE005E44A5 /* MoviesApi */,
			);
			productName = OTUS_Homework_3;
			productReference = D6D133D127185AE100E579D4 /* OTUS_Homework_3.app */;
			productType = "com.apple.product-type.application";
		};
/* End PBXNativeTarget section */

/* Begin PBXProject section */
		D6D133C927185AE100E579D4 /* Project object */ = {
			isa = PBXProject;
			attributes = {
				BuildIndependentTargetsInParallel = 1;
				LastSwiftUpdateCheck = 1300;
				LastUpgradeCheck = 1300;
				TargetAttributes = {
					D6D133D027185AE100E579D4 = {
						CreatedOnToolsVersion = 13.0;
					};
				};
			};
			buildConfigurationList = D6D133CC27185AE100E579D4 /* Build configuration list for PBXProject "OTUS_Homework_3" */;
			compatibilityVersion = "Xcode 13.0";
			developmentRegion = en;
			hasScannedForEncodings = 0;
			knownRegions = (
				en,
				Base,
			);
			mainGroup = D6D133C827185AE100E579D4;
			packageReferences = (
				2B1107C52725D5DE005E44A5 /* XCRemoteSwiftPackageReference "OTUS_MoviesApi" */,
			);
			productRefGroup = D6D133D227185AE100E579D4 /* Products */;
			projectDirPath = "";
			projectRoot = "";
			targets = (
				D6D133D027185AE100E579D4 /* OTUS_Homework_3 */,
			);
		};
/* End PBXProject section */

/* Begin PBXResourcesBuildPhase section */
		D6D133CF27185AE100E579D4 /* Resources */ = {
			isa = PBXResourcesBuildPhase;
			buildActionMask = 2147483647;
			files = (
				D6D133DC27185AE300E579D4 /* Preview Assets.xcassets in Resources */,
				D6D133D927185AE300E579D4 /* Assets.xcassets in Resources */,
			);
			runOnlyForDeploymentPostprocessing = 0;
		};
/* End PBXResourcesBuildPhase section */

/* Begin PBXSourcesBuildPhase section */
		D6D133CD27185AE100E579D4 /* Sources */ = {
			isa = PBXSourcesBuildPhase;
			buildActionMask = 2147483647;
			files = (
				D6D133EB27185B1100E579D4 /* ViewModel.swift in Sources */,
				D6D133EE27185B1100E579D4 /* ServiceLocator.swift in Sources */,
				D6D133EC27185B1100E579D4 /* Extensions.swift in Sources */,
				D6D133ED27185B1100E579D4 /* ContentView.swift in Sources */,
				D6D133D527185AE100E579D4 /* OTUS_Homework_3App.swift in Sources */,
				D6D133F027185B1100E579D4 /* Resolver.swift in Sources */,
				D6D133EF27185B1100E579D4 /* Injected.swift in Sources */,
				2BBB3DAD271EE63F0089BB3F /* NetworkApi.swift in Sources */,
			);
			runOnlyForDeploymentPostprocessing = 0;
		};
/* End PBXSourcesBuildPhase section */

/* Begin XCBuildConfiguration section */
		D6D133DD27185AE300E579D4 /* Debug */ = {
			isa = XCBuildConfiguration;
			buildSettings = {
				ALWAYS_SEARCH_USER_PATHS = NO;
				CLANG_ANALYZER_NONNULL = YES;
				CLANG_ANALYZER_NUMBER_OBJECT_CONVERSION = YES_AGGRESSIVE;
				CLANG_CXX_LANGUAGE_STANDARD = "gnu++17";
				CLANG_CXX_LIBRARY = "libc++";
				CLANG_ENABLE_MODULES = YES;
				CLANG_ENABLE_OBJC_ARC = YES;
				CLANG_ENABLE_OBJC_WEAK = YES;
				CLANG_WARN_BLOCK_CAPTURE_AUTORELEASING = YES;
				CLANG_WARN_BOOL_CONVERSION = YES;
				CLANG_WARN_COMMA = YES;
				CLANG_WARN_CONSTANT_CONVERSION = YES;
				CLANG_WARN_DEPRECATED_OBJC_IMPLEMENTATIONS = YES;
				CLANG_WARN_DIRECT_OBJC_ISA_USAGE = YES_ERROR;
				CLANG_WARN_DOCUMENTATION_COMMENTS = YES;
				CLANG_WARN_EMPTY_BODY = YES;
				CLANG_WARN_ENUM_CONVERSION = YES;
				CLANG_WARN_INFINITE_RECURSION = YES;
				CLANG_WARN_INT_CONVERSION = YES;
				CLANG_WARN_NON_LITERAL_NULL_CONVERSION = YES;
				CLANG_WARN_OBJC_IMPLICIT_RETAIN_SELF = YES;
				CLANG_WARN_OBJC_LITERAL_CONVERSION = YES;
				CLANG_WARN_OBJC_ROOT_CLASS = YES_ERROR;
				CLANG_WARN_QUOTED_INCLUDE_IN_FRAMEWORK_HEADER = YES;
				CLANG_WARN_RANGE_LOOP_ANALYSIS = YES;
				CLANG_WARN_STRICT_PROTOTYPES = YES;
				CLANG_WARN_SUSPICIOUS_MOVE = YES;
				CLANG_WARN_UNGUARDED_AVAILABILITY = YES_AGGRESSIVE;
				CLANG_WARN_UNREACHABLE_CODE = YES;
				CLANG_WARN__DUPLICATE_METHOD_MATCH = YES;
				COPY_PHASE_STRIP = NO;
				DEBUG_INFORMATION_FORMAT = dwarf;
				ENABLE_STRICT_OBJC_MSGSEND = YES;
				ENABLE_TESTABILITY = YES;
				GCC_C_LANGUAGE_STANDARD = gnu11;
				GCC_DYNAMIC_NO_PIC = NO;
				GCC_NO_COMMON_BLOCKS = YES;
				GCC_OPTIMIZATION_LEVEL = 0;
				GCC_PREPROCESSOR_DEFINITIONS = (
					"DEBUG=1",
					"$(inherited)",
				);
				GCC_WARN_64_TO_32_BIT_CONVERSION = YES;
				GCC_WARN_ABOUT_RETURN_TYPE = YES_ERROR;
				GCC_WARN_UNDECLARED_SELECTOR = YES;
				GCC_WARN_UNINITIALIZED_AUTOS = YES_AGGRESSIVE;
				GCC_WARN_UNUSED_FUNCTION = YES;
				GCC_WARN_UNUSED_VARIABLE = YES;
				IPHONEOS_DEPLOYMENT_TARGET = 15.0;
				MTL_ENABLE_DEBUG_INFO = INCLUDE_SOURCE;
				MTL_FAST_MATH = YES;
				ONLY_ACTIVE_ARCH = YES;
				SDKROOT = iphoneos;
				SWIFT_ACTIVE_COMPILATION_CONDITIONS = DEBUG;
				SWIFT_OPTIMIZATION_LEVEL = "-Onone";
			};
			name = Debug;
		};
		D6D133DE27185AE300E579D4 /* Release */ = {
			isa = XCBuildConfiguration;
			buildSettings = {
				ALWAYS_SEARCH_USER_PATHS = NO;
				CLANG_ANALYZER_NONNULL = YES;
				CLANG_ANALYZER_NUMBER_OBJECT_CONVERSION = YES_AGGRESSIVE;
				CLANG_CXX_LANGUAGE_STANDARD = "gnu++17";
				CLANG_CXX_LIBRARY = "libc++";
				CLANG_ENABLE_MODULES = YES;
				CLANG_ENABLE_OBJC_ARC = YES;
				CLANG_ENABLE_OBJC_WEAK = YES;
				CLANG_WARN_BLOCK_CAPTURE_AUTORELEASING = YES;
				CLANG_WARN_BOOL_CONVERSION = YES;
				CLANG_WARN_COMMA = YES;
				CLANG_WARN_CONSTANT_CONVERSION = YES;
				CLANG_WARN_DEPRECATED_OBJC_IMPLEMENTATIONS = YES;
				CLANG_WARN_DIRECT_OBJC_ISA_USAGE = YES_ERROR;
				CLANG_WARN_DOCUMENTATION_COMMENTS = YES;
				CLANG_WARN_EMPTY_BODY = YES;
				CLANG_WARN_ENUM_CONVERSION = YES;
				CLANG_WARN_INFINITE_RECURSION = YES;
				CLANG_WARN_INT_CONVERSION = YES;
				CLANG_WARN_NON_LITERAL_NULL_CONVERSION = YES;
				CLANG_WARN_OBJC_IMPLICIT_RETAIN_SELF = YES;
				CLANG_WARN_OBJC_LITERAL_CONVERSION = YES;
				CLANG_WARN_OBJC_ROOT_CLASS = YES_ERROR;
				CLANG_WARN_QUOTED_INCLUDE_IN_FRAMEWORK_HEADER = YES;
				CLANG_WARN_RANGE_LOOP_ANALYSIS = YES;
				CLANG_WARN_STRICT_PROTOTYPES = YES;
				CLANG_WARN_SUSPICIOUS_MOVE = YES;
				CLANG_WARN_UNGUARDED_AVAILABILITY = YES_AGGRESSIVE;
				CLANG_WARN_UNREACHABLE_CODE = YES;
				CLANG_WARN__DUPLICATE_METHOD_MATCH = YES;
				COPY_PHASE_STRIP = NO;
				DEBUG_INFORMATION_FORMAT = "dwarf-with-dsym";
				ENABLE_NS_ASSERTIONS = NO;
				ENABLE_STRICT_OBJC_MSGSEND = YES;
				GCC_C_LANGUAGE_STANDARD = gnu11;
				GCC_NO_COMMON_BLOCKS = YES;
				GCC_WARN_64_TO_32_BIT_CONVERSION = YES;
				GCC_WARN_ABOUT_RETURN_TYPE = YES_ERROR;
				GCC_WARN_UNDECLARED_SELECTOR = YES;
				GCC_WARN_UNINITIALIZED_AUTOS = YES_AGGRESSIVE;
				GCC_WARN_UNUSED_FUNCTION = YES;
				GCC_WARN_UNUSED_VARIABLE = YES;
				IPHONEOS_DEPLOYMENT_TARGET = 15.0;
				MTL_ENABLE_DEBUG_INFO = NO;
				MTL_FAST_MATH = YES;
				SDKROOT = iphoneos;
				SWIFT_COMPILATION_MODE = wholemodule;
				SWIFT_OPTIMIZATION_LEVEL = "-O";
				VALIDATE_PRODUCT = YES;
			};
			name = Release;
		};
		D6D133E027185AE300E579D4 /* Debug */ = {
			isa = XCBuildConfiguration;
			buildSettings = {
				ASSETCATALOG_COMPILER_APPICON_NAME = AppIcon;
				ASSETCATALOG_COMPILER_GLOBAL_ACCENT_COLOR_NAME = AccentColor;
				CODE_SIGN_STYLE = Automatic;
				CURRENT_PROJECT_VERSION = 1;
				DEVELOPMENT_ASSET_PATHS = "\"OTUS_Homework_3/Preview Content\"";
				DEVELOPMENT_TEAM = R4G26CHU6B;
				ENABLE_PREVIEWS = YES;
				GENERATE_INFOPLIST_FILE = YES;
				INFOPLIST_FILE = "OTUS-Homework-3-Info.plist";
				INFOPLIST_KEY_UIApplicationSceneManifest_Generation = YES;
				INFOPLIST_KEY_UIApplicationSupportsIndirectInputEvents = YES;
				INFOPLIST_KEY_UILaunchScreen_Generation = YES;
				INFOPLIST_KEY_UISupportedInterfaceOrientations_iPad = "UIInterfaceOrientationPortrait UIInterfaceOrientationPortraitUpsideDown UIInterfaceOrientationLandscapeLeft UIInterfaceOrientationLandscapeRight";
				INFOPLIST_KEY_UISupportedInterfaceOrientations_iPhone = "UIInterfaceOrientationPortrait UIInterfaceOrientationLandscapeLeft UIInterfaceOrientationLandscapeRight";
				IPHONEOS_DEPLOYMENT_TARGET = 14.0;
				LD_RUNPATH_SEARCH_PATHS = (
					"$(inherited)",
					"@executable_path/Frameworks",
				);
				MARKETING_VERSION = 1.0;
				PRODUCT_BUNDLE_IDENTIFIER = "com.vvp.OTUS-Homework-3";
				PRODUCT_NAME = "$(TARGET_NAME)";
				SWIFT_EMIT_LOC_STRINGS = YES;
				SWIFT_VERSION = 5.0;
				TARGETED_DEVICE_FAMILY = "1,2";
			};
			name = Debug;
		};
		D6D133E127185AE300E579D4 /* Release */ = {
			isa = XCBuildConfiguration;
			buildSettings = {
				ASSETCATALOG_COMPILER_APPICON_NAME = AppIcon;
				ASSETCATALOG_COMPILER_GLOBAL_ACCENT_COLOR_NAME = AccentColor;
				CODE_SIGN_STYLE = Automatic;
				CURRENT_PROJECT_VERSION = 1;
				DEVELOPMENT_ASSET_PATHS = "\"OTUS_Homework_3/Preview Content\"";
				DEVELOPMENT_TEAM = R4G26CHU6B;
				ENABLE_PREVIEWS = YES;
				GENERATE_INFOPLIST_FILE = YES;
				INFOPLIST_FILE = "OTUS-Homework-3-Info.plist";
				INFOPLIST_KEY_UIApplicationSceneManifest_Generation = YES;
				INFOPLIST_KEY_UIApplicationSupportsIndirectInputEvents = YES;
				INFOPLIST_KEY_UILaunchScreen_Generation = YES;
				INFOPLIST_KEY_UISupportedInterfaceOrientations_iPad = "UIInterfaceOrientationPortrait UIInterfaceOrientationPortraitUpsideDown UIInterfaceOrientationLandscapeLeft UIInterfaceOrientationLandscapeRight";
				INFOPLIST_KEY_UISupportedInterfaceOrientations_iPhone = "UIInterfaceOrientationPortrait UIInterfaceOrientationLandscapeLeft UIInterfaceOrientationLandscapeRight";
				IPHONEOS_DEPLOYMENT_TARGET = 14.0;
				LD_RUNPATH_SEARCH_PATHS = (
					"$(inherited)",
					"@executable_path/Frameworks",
				);
				MARKETING_VERSION = 1.0;
				PRODUCT_BUNDLE_IDENTIFIER = "com.vvp.OTUS-Homework-3";
				PRODUCT_NAME = "$(TARGET_NAME)";
				SWIFT_EMIT_LOC_STRINGS = YES;
				SWIFT_VERSION = 5.0;
				TARGETED_DEVICE_FAMILY = "1,2";
			};
			name = Release;
		};
/* End XCBuildConfiguration section */

/* Begin XCConfigurationList section */
		D6D133CC27185AE100E579D4 /* Build configuration list for PBXProject "OTUS_Homework_3" */ = {
			isa = XCConfigurationList;
			buildConfigurations = (
				D6D133DD27185AE300E579D4 /* Debug */,
				D6D133DE27185AE300E579D4 /* Release */,
			);
			defaultConfigurationIsVisible = 0;
			defaultConfigurationName = Release;
		};
		D6D133DF27185AE300E579D4 /* Build configuration list for PBXNativeTarget "OTUS_Homework_3" */ = {
			isa = XCConfigurationList;
			buildConfigurations = (
				D6D133E027185AE300E579D4 /* Debug */,
				D6D133E127185AE300E579D4 /* Release */,
			);
			defaultConfigurationIsVisible = 0;
			defaultConfigurationName = Release;
		};
/* End XCConfigurationList section */

/* Begin XCRemoteSwiftPackageReference section */
		2B1107C52725D5DE005E44A5 /* XCRemoteSwiftPackageReference "OTUS_MoviesApi" */ = {
			isa = XCRemoteSwiftPackageReference;
			repositoryURL = "https://github.com/vpogorelskiy/OTUS_MoviesApi";
			requirement = {
				branch = main;
				kind = branch;
			};
		};
/* End XCRemoteSwiftPackageReference section */

/* Begin XCSwiftPackageProductDependency section */
		2B1107C62725D5DE005E44A5 /* MoviesApi */ = {
			isa = XCSwiftPackageProductDependency;
			package = 2B1107C52725D5DE005E44A5 /* XCRemoteSwiftPackageReference "OTUS_MoviesApi" */;
			productName = MoviesApi;
		};
/* End XCSwiftPackageProductDependency section */
	};
	rootObject = D6D133C927185AE100E579D4 /* Project object */;
}
